{
  "name": "deepl_plugin",
  "version": "1.0.0",
  "lockfileVersion": 3,
  "requires": true,
  "packages": {
    "": {
      "name": "deepl_plugin",
      "version": "1.0.0",
      "license": "MIT",
      "dependencies": {
        "@ifyour/deeplx": "^0.1.17"
      }
    },
    "node_modules/@ifyour/deeplx": {
      "version": "0.1.17",
      "resolved": "https://registry.npmmirror.com/@ifyour/deeplx/-/deeplx-0.1.17.tgz",
      "integrity": "sha512-3tu/OjqcnJ8T0x65pSO1CpV5lqliuP7sfzAOwC1RCQQCT0GjMfJ+yvHsBbrnVY02w04eIjk0Dpy3+bKVgohEpw==",
      "engines": {
        "node": ">=18"
      }
    }
  }
}
